Microsoft Visual Studio Solution File, Format Version 11.00
# Visual Studio 2008

Project("{5C18EF72-7715-64B7-F43C-497DC507AEAB}") = "context", "Assembly-CSharp.csproj", "{B60BC9AE-294F-52CB-0551-13700930EC0B}"
EndProject
Global
	GlobalSection(SolutionConfigurationPlatforms) = preSolution
		Debug|Any CPU = Debug|Any CPU
		Release|Any CPU = Release|Any CPU
	EndGlobalSection
	GlobalSection(ProjectConfigurationPlatforms) = postSolution
		{B60BC9AE-294F-52CB-0551-13700930EC0B}.Debug|Any CPU.ActiveCfg = Debug|Any CPU
		{B60BC9AE-294F-52CB-0551-13700930EC0B}.Debug|Any CPU.Build.0 = Debug|Any CPU
		{B60BC9AE-294F-52CB-0551-13700930EC0B}.Release|Any CPU.ActiveCfg = Release|Any CPU
		{B60BC9AE-294F-52CB-0551-13700930EC0B}.Release|Any CPU.Build.0 = Release|Any CPU
	EndGlobalSection
	GlobalSection(SolutionProperties) = preSolution
		HideSolutionNode = FALSE
	EndGlobalSection
	GlobalSection(MonoDevelopProperties) = preSolution
		StartupItem = Assembly-CSharp.csproj
	EndGlobalSection
EndGlobal
